
Microsoft Visual Studio Solution File, Format Version 12.00
# Visual Studio 15
VisualStudioVersion = 15.0.27703.2047
MinimumVisualStudioVersion = 10.0.40219.1
Project("{FAE04EC0-301F-11D3-BF4B-00C04F79EFBC}") = "Example1", "MyFirstApp\Example1.csproj", "{C7C14B20-1A30-422C-8AA2-C35CEF221FF6}"
EndProject
Project("{FAE04EC0-301F-11D3-BF4B-00C04F79EFBC}") = "Example2", "Example2\Example2.csproj", "{A6CECE03-9B96-4D60-A567-1A6AE497013A}"
EndProject
Project("{FAE04EC0-301F-11D3-BF4B-00C04F79EFBC}") = "Validation", "Validation\Validation.csproj", "{04ED2E87-24FD-4DEB-A90D-40CC7DADA8AA}"
EndProject
Global
	GlobalSection(SolutionConfigurationPlatforms) = preSolution
		Debug|Any CPU = Debug|Any CPU
		Release|Any CPU = Release|Any CPU
	EndGlobalSection
	GlobalSection(ProjectConfigurationPlatforms) = postSolution
		{C7C14B20-1A30-422C-8AA2-C35CEF221FF6}.Debug|Any CPU.ActiveCfg = Debug|Any CPU
		{C7C14B20-1A30-422C-8AA2-C35CEF221FF6}.Debug|Any CPU.Build.0 = Debug|Any CPU
		{C7C14B20-1A30-422C-8AA2-C35CEF221FF6}.Release|Any CPU.ActiveCfg = Release|Any CPU
		{C7C14B20-1A30-422C-8AA2-C35CEF221FF6}.Release|Any CPU.Build.0 = Release|Any CPU
		{A6CECE03-9B96-4D60-A567-1A6AE497013A}.Debug|Any CPU.ActiveCfg = Debug|Any CPU
		{A6CECE03-9B96-4D60-A567-1A6AE497013A}.Debug|Any CPU.Build.0 = Debug|Any CPU
		{A6CECE03-9B96-4D60-A567-1A6AE497013A}.Release|Any CPU.ActiveCfg = Release|Any CPU
		{A6CECE03-9B96-4D60-A567-1A6AE497013A}.Release|Any CPU.Build.0 = Release|Any CPU
		{04ED2E87-24FD-4DEB-A90D-40CC7DADA8AA}.Debug|Any CPU.ActiveCfg = Debug|Any CPU
		{04ED2E87-24FD-4DEB-A90D-40CC7DADA8AA}.Debug|Any CPU.Build.0 = Debug|Any CPU
		{04ED2E87-24FD-4DEB-A90D-40CC7DADA8AA}.Release|Any CPU.ActiveCfg = Release|Any CPU
		{04ED2E87-24FD-4DEB-A90D-40CC7DADA8AA}.Release|Any CPU.Build.0 = Release|Any CPU
	EndGlobalSection
	GlobalSection(SolutionProperties) = preSolution
		HideSolutionNode = FALSE
	EndGlobalSection
	GlobalSection(ExtensibilityGlobals) = postSolution
		SolutionGuid = {11AFAF61-938B-4F65-A964-882725B3D729}
	EndGlobalSection
EndGlobal
