
Microsoft Visual Studio Solution File, Format Version 12.00
# Visual Studio 2012
Project("{FAE04EC0-301F-11D3-BF4B-00C04F79EFBC}") = "Relations1", "Relations1\Relations1.csproj", "{8041F351-FEB6-4B04-82BC-C7C73A13ADA5}"
EndProject
Global
	GlobalSection(SolutionConfigurationPlatforms) = preSolution
		Debug|Any CPU = Debug|Any CPU
		Release|Any CPU = Release|Any CPU
	EndGlobalSection
	GlobalSection(ProjectConfigurationPlatforms) = postSolution
		{8041F351-FEB6-4B04-82BC-C7C73A13ADA5}.Debug|Any CPU.ActiveCfg = Debug|Any CPU
		{8041F351-FEB6-4B04-82BC-C7C73A13ADA5}.Debug|Any CPU.Build.0 = Debug|Any CPU
		{8041F351-FEB6-4B04-82BC-C7C73A13ADA5}.Release|Any CPU.ActiveCfg = Release|Any CPU
		{8041F351-FEB6-4B04-82BC-C7C73A13ADA5}.Release|Any CPU.Build.0 = Release|Any CPU
	EndGlobalSection
	GlobalSection(SolutionProperties) = preSolution
		HideSolutionNode = FALSE
	EndGlobalSection
EndGlobal
